
Microsoft Visual Studio Solution File, Format Version 12.00
# Visual Studio Version 16
VisualStudioVersion = 16.0.29519.181
MinimumVisualStudioVersion = 10.0.40219.1
Project("{2150E333-8FDC-42A3-9474-1A3956D46DE8}") = "2. Application", "2. Application", "{4B25C961-132D-4D2F-AB4F-B36CC273B0C9}"
EndProject
Project("{2150E333-8FDC-42A3-9474-1A3956D46DE8}") = "3. Domain", "3. Domain", "{B91F9FA1-9595-4206-9832-976855EE141E}"
EndProject
Project("{2150E333-8FDC-42A3-9474-1A3956D46DE8}") = "4. Infra", "4. Infra", "{F21424EF-4AB3-4169-BC92-D51149798532}"
EndProject
Project("{2150E333-8FDC-42A3-9474-1A3956D46DE8}") = "1. Services", "1. Services", "{7D628070-57F5-4555-9ABA-09DD2FF58688}"
EndProject
Project("{2150E333-8FDC-42A3-9474-1A3956D46DE8}") = "4.1 Infra.Data", "4.1 Infra.Data", "{678510EE-FE81-4D96-9627-FD0688A9F5AF}"
EndProject
Project("{2150E333-8FDC-42A3-9474-1A3956D46DE8}") = "4.2 Infra.CrossCutting", "4.2 Infra.CrossCutting", "{8FC33E86-88FA-42B5-B1E2-9F4F0A820EAA}"
EndProject
Project("{9A19103F-16F7-4668-BE54-9A1E7A4F7556}") = "RCSS.Domain", "src\RCSS.Domain\RCSS.Domain.csproj", "{17804480-8434-4436-AA84-9EFC5722E284}"
EndProject
Project("{9A19103F-16F7-4668-BE54-9A1E7A4F7556}") = "RCSS.Infra.Data", "src\RCSS.Infra.Data\RCSS.Infra.Data.csproj", "{21AAAC4E-9414-448C-89CE-11ABEC8E31FD}"
EndProject
Project("{9A19103F-16F7-4668-BE54-9A1E7A4F7556}") = "RCSS.Infra.CrossCutting", "src\RCSS.Infra.CrossCutting\RCSS.Infra.CrossCutting.csproj", "{A0EDD219-5423-4F90-8868-5D8B7352FDEF}"
EndProject
Project("{9A19103F-16F7-4668-BE54-9A1E7A4F7556}") = "RCSS.Infra.CrossCutting.IoC", "src\RCSS.Infra.CrossCutting.IoC\RCSS.Infra.CrossCutting.IoC.csproj", "{CE06A611-B193-41AE-BDFB-D305B7AA5420}"
EndProject
Project("{9A19103F-16F7-4668-BE54-9A1E7A4F7556}") = "RCSS.AppServices", "src\RCSS.AppServices\RCSS.AppServices.csproj", "{15B97DA7-E313-4C2B-A5F4-9345DA84DBC7}"
EndProject
Project("{9A19103F-16F7-4668-BE54-9A1E7A4F7556}") = "RCSS.ApiDados", "src\RCSS.ApiDados\RCSS.ApiDados.csproj", "{4F42B6CE-76C9-4A73-B6F4-BB953576F505}"
EndProject
Project("{9A19103F-16F7-4668-BE54-9A1E7A4F7556}") = "RCSS.Domain.Tests", "tests\RCSS.Domain.Tests\RCSS.Domain.Tests.csproj", "{3D1A9E19-5DBC-40B1-842C-A8B717DFCF15}"
EndProject
Project("{9A19103F-16F7-4668-BE54-9A1E7A4F7556}") = "RCSS.AppServices.Tests", "tests\RCSS.AppServices.Tests\RCSS.AppServices.Tests.csproj", "{D09E04C1-CA9F-4B39-9703-E143B0EC3D88}"
EndProject
Project("{9A19103F-16F7-4668-BE54-9A1E7A4F7556}") = "RCSS.ApiDados.Tests", "tests\RCSS.ApiDados.Tests\RCSS.ApiDados.Tests.csproj", "{2953C443-8525-46D3-A77C-759F3552E4C3}"
EndProject
Project("{9A19103F-16F7-4668-BE54-9A1E7A4F7556}") = "RCSS.Infra.Data.Tests", "tests\RCSS.Infra.Data.Tests\RCSS.Infra.Data.Tests.csproj", "{C24ADDD3-5F5B-4EA0-90E1-E930872C7786}"
EndProject
Project("{2150E333-8FDC-42A3-9474-1A3956D46DE8}") = "5. Tests", "5. Tests", "{7C83CAE0-6833-401D-B4AD-6136496E374D}"
EndProject
Project("{2150E333-8FDC-42A3-9474-1A3956D46DE8}") = "5.1 Services", "5.1 Services", "{16E29D59-CA73-4BEE-89A9-5C20957E6916}"
EndProject
Project("{2150E333-8FDC-42A3-9474-1A3956D46DE8}") = "5.2 Application", "5.2 Application", "{47B88BDA-6605-4536-9085-877545F8A103}"
EndProject
Project("{2150E333-8FDC-42A3-9474-1A3956D46DE8}") = "5.3 Domain", "5.3 Domain", "{8D6F0C41-AC31-4714-A474-EF593E5AA9A7}"
EndProject
Project("{2150E333-8FDC-42A3-9474-1A3956D46DE8}") = "5.4 Infra", "5.4 Infra", "{BF70F050-7D13-470C-88E8-213150CD00E3}"
EndProject
Project("{2150E333-8FDC-42A3-9474-1A3956D46DE8}") = "5.4.1 Infra.Data", "5.4.1 Infra.Data", "{00D78ED0-FCA3-41A9-AFF3-9C703C1E7BEC}"
EndProject
Project("{9A19103F-16F7-4668-BE54-9A1E7A4F7556}") = "RCSS.Infra.CrossCutting.Tests", "tests\RCSS.Infra.CrossCutting.Tests\RCSS.Infra.CrossCutting.Tests.csproj", "{903970CB-A802-4254-A096-45C8FE8A97B3}"
EndProject
Project("{2150E333-8FDC-42A3-9474-1A3956D46DE8}") = "5.4.2 Infra.CrossCutting", "5.4.2 Infra.CrossCutting", "{D9C2C1A7-EB58-46CE-9503-7B07E7046C69}"
EndProject
Project("{9A19103F-16F7-4668-BE54-9A1E7A4F7556}") = "RCSS.Infra.CrossCutting.IoC.Tests", "Tests\RCSS.Infra.CrossCutting.IoC.Tests\RCSS.Infra.CrossCutting.IoC.Tests.csproj", "{1AAC87EA-2F2D-4AEA-9E50-A345B4F08072}"
EndProject
Project("{2150E333-8FDC-42A3-9474-1A3956D46DE8}") = "4.3 infra.Identity", "4.3 infra.Identity", "{5A2C128A-7706-495F-99F7-F04E85AD770E}"
EndProject
Project("{FAE04EC0-301F-11D3-BF4B-00C04F79EFBC}") = "RCSS.Infra.Identity", "src\RCSS.Infra.Identity\RCSS.Infra.Identity.csproj", "{B06162BA-3F22-44D1-ACD4-EF16D55D4D81}"
EndProject
Global
	GlobalSection(SolutionConfigurationPlatforms) = preSolution
		Debug|Any CPU = Debug|Any CPU
		Release|Any CPU = Release|Any CPU
	EndGlobalSection
	GlobalSection(ProjectConfigurationPlatforms) = postSolution
		{17804480-8434-4436-AA84-9EFC5722E284}.Debug|Any CPU.ActiveCfg = Debug|Any CPU
		{17804480-8434-4436-AA84-9EFC5722E284}.Debug|Any CPU.Build.0 = Debug|Any CPU
		{17804480-8434-4436-AA84-9EFC5722E284}.Release|Any CPU.ActiveCfg = Release|Any CPU
		{17804480-8434-4436-AA84-9EFC5722E284}.Release|Any CPU.Build.0 = Release|Any CPU
		{21AAAC4E-9414-448C-89CE-11ABEC8E31FD}.Debug|Any CPU.ActiveCfg = Debug|Any CPU
		{21AAAC4E-9414-448C-89CE-11ABEC8E31FD}.Debug|Any CPU.Build.0 = Debug|Any CPU
		{21AAAC4E-9414-448C-89CE-11ABEC8E31FD}.Release|Any CPU.ActiveCfg = Release|Any CPU
		{21AAAC4E-9414-448C-89CE-11ABEC8E31FD}.Release|Any CPU.Build.0 = Release|Any CPU
		{A0EDD219-5423-4F90-8868-5D8B7352FDEF}.Debug|Any CPU.ActiveCfg = Debug|Any CPU
		{A0EDD219-5423-4F90-8868-5D8B7352FDEF}.Debug|Any CPU.Build.0 = Debug|Any CPU
		{A0EDD219-5423-4F90-8868-5D8B7352FDEF}.Release|Any CPU.ActiveCfg = Release|Any CPU
		{A0EDD219-5423-4F90-8868-5D8B7352FDEF}.Release|Any CPU.Build.0 = Release|Any CPU
		{CE06A611-B193-41AE-BDFB-D305B7AA5420}.Debug|Any CPU.ActiveCfg = Debug|Any CPU
		{CE06A611-B193-41AE-BDFB-D305B7AA5420}.Debug|Any CPU.Build.0 = Debug|Any CPU
		{CE06A611-B193-41AE-BDFB-D305B7AA5420}.Release|Any CPU.ActiveCfg = Release|Any CPU
		{CE06A611-B193-41AE-BDFB-D305B7AA5420}.Release|Any CPU.Build.0 = Release|Any CPU
		{15B97DA7-E313-4C2B-A5F4-9345DA84DBC7}.Debug|Any CPU.ActiveCfg = Debug|Any CPU
		{15B97DA7-E313-4C2B-A5F4-9345DA84DBC7}.Debug|Any CPU.Build.0 = Debug|Any CPU
		{15B97DA7-E313-4C2B-A5F4-9345DA84DBC7}.Release|Any CPU.ActiveCfg = Release|Any CPU
		{15B97DA7-E313-4C2B-A5F4-9345DA84DBC7}.Release|Any CPU.Build.0 = Release|Any CPU
		{4F42B6CE-76C9-4A73-B6F4-BB953576F505}.Debug|Any CPU.ActiveCfg = Debug|Any CPU
		{4F42B6CE-76C9-4A73-B6F4-BB953576F505}.Debug|Any CPU.Build.0 = Debug|Any CPU
		{4F42B6CE-76C9-4A73-B6F4-BB953576F505}.Release|Any CPU.ActiveCfg = Release|Any CPU
		{4F42B6CE-76C9-4A73-B6F4-BB953576F505}.Release|Any CPU.Build.0 = Release|Any CPU
		{3D1A9E19-5DBC-40B1-842C-A8B717DFCF15}.Debug|Any CPU.ActiveCfg = Debug|Any CPU
		{3D1A9E19-5DBC-40B1-842C-A8B717DFCF15}.Debug|Any CPU.Build.0 = Debug|Any CPU
		{3D1A9E19-5DBC-40B1-842C-A8B717DFCF15}.Release|Any CPU.ActiveCfg = Release|Any CPU
		{3D1A9E19-5DBC-40B1-842C-A8B717DFCF15}.Release|Any CPU.Build.0 = Release|Any CPU
		{D09E04C1-CA9F-4B39-9703-E143B0EC3D88}.Debug|Any CPU.ActiveCfg = Debug|Any CPU
		{D09E04C1-CA9F-4B39-9703-E143B0EC3D88}.Debug|Any CPU.Build.0 = Debug|Any CPU
		{D09E04C1-CA9F-4B39-9703-E143B0EC3D88}.Release|Any CPU.ActiveCfg = Release|Any CPU
		{D09E04C1-CA9F-4B39-9703-E143B0EC3D88}.Release|Any CPU.Build.0 = Release|Any CPU
		{2953C443-8525-46D3-A77C-759F3552E4C3}.Debug|Any CPU.ActiveCfg = Debug|Any CPU
		{2953C443-8525-46D3-A77C-759F3552E4C3}.Debug|Any CPU.Build.0 = Debug|Any CPU
		{2953C443-8525-46D3-A77C-759F3552E4C3}.Release|Any CPU.ActiveCfg = Release|Any CPU
		{2953C443-8525-46D3-A77C-759F3552E4C3}.Release|Any CPU.Build.0 = Release|Any CPU
		{C24ADDD3-5F5B-4EA0-90E1-E930872C7786}.Debug|Any CPU.ActiveCfg = Debug|Any CPU
		{C24ADDD3-5F5B-4EA0-90E1-E930872C7786}.Debug|Any CPU.Build.0 = Debug|Any CPU
		{C24ADDD3-5F5B-4EA0-90E1-E930872C7786}.Release|Any CPU.ActiveCfg = Release|Any CPU
		{C24ADDD3-5F5B-4EA0-90E1-E930872C7786}.Release|Any CPU.Build.0 = Release|Any CPU
		{903970CB-A802-4254-A096-45C8FE8A97B3}.Debug|Any CPU.ActiveCfg = Debug|Any CPU
		{903970CB-A802-4254-A096-45C8FE8A97B3}.Debug|Any CPU.Build.0 = Debug|Any CPU
		{903970CB-A802-4254-A096-45C8FE8A97B3}.Release|Any CPU.ActiveCfg = Release|Any CPU
		{903970CB-A802-4254-A096-45C8FE8A97B3}.Release|Any CPU.Build.0 = Release|Any CPU
		{1AAC87EA-2F2D-4AEA-9E50-A345B4F08072}.Debug|Any CPU.ActiveCfg = Debug|Any CPU
		{1AAC87EA-2F2D-4AEA-9E50-A345B4F08072}.Debug|Any CPU.Build.0 = Debug|Any CPU
		{1AAC87EA-2F2D-4AEA-9E50-A345B4F08072}.Release|Any CPU.ActiveCfg = Release|Any CPU
		{1AAC87EA-2F2D-4AEA-9E50-A345B4F08072}.Release|Any CPU.Build.0 = Release|Any CPU
		{B06162BA-3F22-44D1-ACD4-EF16D55D4D81}.Debug|Any CPU.ActiveCfg = Debug|Any CPU
		{B06162BA-3F22-44D1-ACD4-EF16D55D4D81}.Debug|Any CPU.Build.0 = Debug|Any CPU
		{B06162BA-3F22-44D1-ACD4-EF16D55D4D81}.Release|Any CPU.ActiveCfg = Release|Any CPU
		{B06162BA-3F22-44D1-ACD4-EF16D55D4D81}.Release|Any CPU.Build.0 = Release|Any CPU
	EndGlobalSection
	GlobalSection(SolutionProperties) = preSolution
		HideSolutionNode = FALSE
	EndGlobalSection
	GlobalSection(NestedProjects) = preSolution
		{678510EE-FE81-4D96-9627-FD0688A9F5AF} = {F21424EF-4AB3-4169-BC92-D51149798532}
		{8FC33E86-88FA-42B5-B1E2-9F4F0A820EAA} = {F21424EF-4AB3-4169-BC92-D51149798532}
		{17804480-8434-4436-AA84-9EFC5722E284} = {B91F9FA1-9595-4206-9832-976855EE141E}
		{21AAAC4E-9414-448C-89CE-11ABEC8E31FD} = {678510EE-FE81-4D96-9627-FD0688A9F5AF}
		{A0EDD219-5423-4F90-8868-5D8B7352FDEF} = {8FC33E86-88FA-42B5-B1E2-9F4F0A820EAA}
		{CE06A611-B193-41AE-BDFB-D305B7AA5420} = {8FC33E86-88FA-42B5-B1E2-9F4F0A820EAA}
		{15B97DA7-E313-4C2B-A5F4-9345DA84DBC7} = {4B25C961-132D-4D2F-AB4F-B36CC273B0C9}
		{4F42B6CE-76C9-4A73-B6F4-BB953576F505} = {7D628070-57F5-4555-9ABA-09DD2FF58688}
		{3D1A9E19-5DBC-40B1-842C-A8B717DFCF15} = {8D6F0C41-AC31-4714-A474-EF593E5AA9A7}
		{D09E04C1-CA9F-4B39-9703-E143B0EC3D88} = {47B88BDA-6605-4536-9085-877545F8A103}
		{2953C443-8525-46D3-A77C-759F3552E4C3} = {16E29D59-CA73-4BEE-89A9-5C20957E6916}
		{C24ADDD3-5F5B-4EA0-90E1-E930872C7786} = {00D78ED0-FCA3-41A9-AFF3-9C703C1E7BEC}
		{16E29D59-CA73-4BEE-89A9-5C20957E6916} = {7C83CAE0-6833-401D-B4AD-6136496E374D}
		{47B88BDA-6605-4536-9085-877545F8A103} = {7C83CAE0-6833-401D-B4AD-6136496E374D}
		{8D6F0C41-AC31-4714-A474-EF593E5AA9A7} = {7C83CAE0-6833-401D-B4AD-6136496E374D}
		{BF70F050-7D13-470C-88E8-213150CD00E3} = {7C83CAE0-6833-401D-B4AD-6136496E374D}
		{00D78ED0-FCA3-41A9-AFF3-9C703C1E7BEC} = {BF70F050-7D13-470C-88E8-213150CD00E3}
		{903970CB-A802-4254-A096-45C8FE8A97B3} = {D9C2C1A7-EB58-46CE-9503-7B07E7046C69}
		{D9C2C1A7-EB58-46CE-9503-7B07E7046C69} = {BF70F050-7D13-470C-88E8-213150CD00E3}
		{1AAC87EA-2F2D-4AEA-9E50-A345B4F08072} = {D9C2C1A7-EB58-46CE-9503-7B07E7046C69}
		{5A2C128A-7706-495F-99F7-F04E85AD770E} = {F21424EF-4AB3-4169-BC92-D51149798532}
		{B06162BA-3F22-44D1-ACD4-EF16D55D4D81} = {5A2C128A-7706-495F-99F7-F04E85AD770E}
	EndGlobalSection
	GlobalSection(ExtensibilityGlobals) = postSolution
		SolutionGuid = {DCA5E0BA-3B31-48CD-994E-5F65EFF334AC}
	EndGlobalSection
EndGlobal
